<?xml version="1.0" encoding="utf-8"?>
<Project ToolsVersion="4.0" xmlns="http://schemas.microsoft.com/developer/msbuild/2003">
  <ItemGroup>
    <Filter Include="Source Files">
      <UniqueIdentifier>{4FC737F1-C7A5-4376-A066-2A32D752A2FF}</UniqueIdentifier>
      <Extensions>cpp;c;cc;cxx;c++;cppm;ixx;def;odl;idl;hpj;bat;asm;asmx</Extensions>
    </Filter>
    <Filter Include="Header Files">
      <UniqueIdentifier>{93995380-89BD-4b04-88EB-625FBE52EBFB}</UniqueIdentifier>
      <Extensions>h;hh;hpp;hxx;h++;hm;inl;inc;ipp;xsd</Extensions>
    </Filter>
    <Filter Include="Resource Files">
      <UniqueIdentifier>{67DA6AB6-F800-4c08-8B7A-83BB121AAD01}</UniqueIdentifier>
      <Extensions>rc;ico;cur;bmp;dlg;rc2;rct;bin;rgs;gif;jpg;jpeg;jpe;resx;tiff;tif;png;wav;mfcribbon-ms</Extensions>
    </Filter>
    <Filter Include="Resource Files\textures">
      <UniqueIdentifier>{87b4b6fe-b646-41d4-87dd-945025f7ab3b}</UniqueIdentifier>
    </Filter>
    <Filter Include="Resource Files\shaders">
      <UniqueIdentifier>{fd41f059-aaa1-4fd2-9ce5-10858f3eb7b1}</UniqueIdentifier>
    </Filter>
    <Filter Include="Resource Files\shaders\materials">
      <UniqueIdentifier>{1ad22d15-8ce1-4897-895d-84c4e7feb796}</UniqueIdentifier>
    </Filter>
    <Filter Include="Resource Files\shaders\lighting_maps">
      <UniqueIdentifier>{e352b797-8104-45ab-9582-8d4cc30be3cd}</UniqueIdentifier>
    </Filter>
    <Filter Include="Resource Files\shaders\light_casters">
      <UniqueIdentifier>{25e21f82-4329-418f-a794-e33aab18e942}</UniqueIdentifier>
    </Filter>
    <Filter Include="Resource Files\shaders\multiple_lights">
      <UniqueIdentifier>{62b05d2c-e936-4500-b6f4-59c49abd70b0}</UniqueIdentifier>
    </Filter>
    <Filter Include="Resource Files\shaders\model_loading">
      <UniqueIdentifier>{7ca444b6-5692-49e3-990c-a7bd507c4f28}</UniqueIdentifier>
    </Filter>
    <Filter Include="Resource Files\shaders\basic_lighting">
      <UniqueIdentifier>{e145b6f1-0737-4be8-9abb-044371a69600}</UniqueIdentifier>
    </Filter>
    <Filter Include="Resource Files\shaders\colors">
      <UniqueIdentifier>{482b0ea6-8501-47e6-ad5f-0c039cf4f7eb}</UniqueIdentifier>
    </Filter>
    <Filter Include="Resource Files\shaders\light_cube">
      <UniqueIdentifier>{4d115d6c-97f1-4220-be45-bd06e1d9b116}</UniqueIdentifier>
    </Filter>
    <Filter Include="Resource Files\shaders\depth_testing">
      <UniqueIdentifier>{e89effbf-a958-46a4-9907-1dc095bef3bd}</UniqueIdentifier>
    </Filter>
  </ItemGroup>
  <ItemGroup>
    <ClCompile Include="..\..\..\Users\eatho\Downloads\glad\src\glad.c">
      <Filter>Source Files</Filter>
    </ClCompile>
    <ClCompile Include="Application.cpp">
      <Filter>Source Files</Filter>
    </ClCompile>
    <ClCompile Include="Shader.cpp">
      <Filter>Source Files</Filter>
    </ClCompile>
    <ClCompile Include="stb_image.cpp">
      <Filter>Source Files</Filter>
    </ClCompile>
    <ClCompile Include="Main.cpp">
      <Filter>Source Files</Filter>
    </ClCompile>
    <ClCompile Include="DepthTest.cpp">
      <Filter>Source Files</Filter>
    </ClCompile>
  </ItemGroup>
  <ItemGroup>
    <ClInclude Include="Shader.h">
      <Filter>Header Files</Filter>
    </ClInclude>
    <ClInclude Include="Camera.h">
      <Filter>Header Files</Filter>
    </ClInclude>
    <ClInclude Include="Mesh.h">
      <Filter>Header Files</Filter>
    </ClInclude>
    <ClInclude Include="Model.h">
      <Filter>Header Files</Filter>
    </ClInclude>
  </ItemGroup>
  <ItemGroup>
    <None Include="shader.vs">
      <Filter>Resource Files\shaders</Filter>
    </None>
    <None Include="shader.fs">
      <Filter>Resource Files\shaders</Filter>
    </None>
    <None Include="texture.fs">
      <Filter>Resource Files\shaders</Filter>
    </None>
    <None Include="texture.vs">
      <Filter>Resource Files\shaders</Filter>
    </None>
    <None Include="materials.fs">
      <Filter>Resource Files\shaders\materials</Filter>
    </None>
    <None Include="materials.vs">
      <Filter>Resource Files\shaders\materials</Filter>
    </None>
    <None Include="light_cube_materials.vs">
      <Filter>Resource Files\shaders\materials</Filter>
    </None>
    <None Include="light_cube_materials.fs">
      <Filter>Resource Files\shaders\materials</Filter>
    </None>
    <None Include="lighting_map.vs">
      <Filter>Resource Files\shaders\lighting_maps</Filter>
    </None>
    <None Include="lighting_map.fs">
      <Filter>Resource Files\shaders\lighting_maps</Filter>
    </None>
    <None Include="light_casters.vs">
      <Filter>Resource Files\shaders\light_casters</Filter>
    </None>
    <None Include="light_casters.fs">
      <Filter>Resource Files\shaders\light_casters</Filter>
    </None>
    <None Include="multiple_lights.fs">
      <Filter>Resource Files\shaders\multiple_lights</Filter>
    </None>
    <None Include="multiple_lights.vs">
      <Filter>Resource Files\shaders\multiple_lights</Filter>
    </None>
    <None Include="model_loading.vs">
      <Filter>Resource Files\shaders\model_loading</Filter>
    </None>
    <None Include="model_loading.fs">
      <Filter>Resource Files\shaders\model_loading</Filter>
    </None>
    <None Include="basic_lighting.vs">
      <Filter>Resource Files\shaders\basic_lighting</Filter>
    </None>
    <None Include="basic_lighting.fs">
      <Filter>Resource Files\shaders\basic_lighting</Filter>
    </None>
    <None Include="colors.vs">
      <Filter>Resource Files\shaders\colors</Filter>
    </None>
    <None Include="colors.fs">
      <Filter>Resource Files\shaders\colors</Filter>
    </None>
    <None Include="light_cube.vs">
      <Filter>Resource Files\shaders\light_cube</Filter>
    </None>
    <None Include="light_cube.fs">
      <Filter>Resource Files\shaders\light_cube</Filter>
    </None>
    <None Include="depth_testing.vs">
      <Filter>Resource Files\shaders\depth_testing</Filter>
    </None>
    <None Include="depth_testing.fs">
      <Filter>Resource Files\shaders\depth_testing</Filter>
    </None>
    <None Include="depth_testing_non_linear.fs">
      <Filter>Resource Files\shaders\depth_testing</Filter>
    </None>
  </ItemGroup>
  <ItemGroup>
    <Image Include="..\..\..\Users\eatho\Downloads\container.jpg">
      <Filter>Resource Files\textures</Filter>
    </Image>
    <Image Include="..\..\..\Users\eatho\Downloads\awesomeface.png">
      <Filter>Resource Files\textures</Filter>
    </Image>
    <Image Include="..\..\..\Users\eatho\Downloads\container2.png">
      <Filter>Resource Files\textures</Filter>
    </Image>
    <Image Include="..\..\..\Users\eatho\Downloads\container2_specular.png">
      <Filter>Resource Files\textures</Filter>
    </Image>
    <Image Include="metal.png">
      <Filter>Resource Files\textures</Filter>
    </Image>
    <Image Include="marble.jpg">
      <Filter>Resource Files\textures</Filter>
    </Image>
  </ItemGroup>
</Project>